// !$*UTF8*$!
{
	archiveVersion = 1;
	classes = {
	};
	objectVersion = 50;
	objects = {

/* Begin PBXBuildFile section */
		5597FE2C21505F6C00AE12AB /* abaseb.lay in Sources */ = {isa = PBXBuildFile; fileRef = 5597FE1021505F4300AE12AB /* abaseb.lay */; };
		5597FE2D21505F6C00AE12AB /* ampoker.lay in Sources */ = {isa = PBXBuildFile; fileRef = 5597FE2021505F4400AE12AB /* ampoker.lay */; };
		5597FE2E21505F6C00AE12AB /* atarifb.lay in Sources */ = {isa = PBXBuildFile; fileRef = 5597FE2421505F4400AE12AB /* atarifb.lay */; };
		5597FE2F21505F6C00AE12AB /* atarifb4.lay in Sources */ = {isa = PBXBuildFile; fileRef = 5597FE1A21505F4400AE12AB /* atarifb4.lay */; };
		5597FE3021505F6C00AE12AB /* bfm_sc2.lay in Sources */ = {isa = PBXBuildFile; fileRef = 5597FE2321505F4400AE12AB /* bfm_sc2.lay */; };
		5597FE3121505F6C00AE12AB /* buckrog.lay in Sources */ = {isa = PBXBuildFile; fileRef = 5597FE1E21505F4400AE12AB /* buckrog.lay */; };
		5597FE3221505F6C00AE12AB /* cardline.lay in Sources */ = {isa = PBXBuildFile; fileRef = 5597FE0821505F4200AE12AB /* cardline.lay */; };
		5597FE3321505F6C00AE12AB /* clowns.lay in Sources */ = {isa = PBXBuildFile; fileRef = 5597FE0B21505F4200AE12AB /* clowns.lay */; };
		5597FE3421505F6C00AE12AB /* connect4.lay in Sources */ = {isa = PBXBuildFile; fileRef = 5597FE0F21505F4300AE12AB /* connect4.lay */; };
		5597FE3521505F6C00AE12AB /* crash.lay in Sources */ = {isa = PBXBuildFile; fileRef = 5597FE2921505F4500AE12AB /* crash.lay */; };
		5597FE3621505F6C00AE12AB /* dlair.lay in Sources */ = {isa = PBXBuildFile; fileRef = 5597FE1421505F4300AE12AB /* dlair.lay */; };
		5597FE3721505F6C00AE12AB /* firebeat.lay in Sources */ = {isa = PBXBuildFile; fileRef = 5597FE1621505F4300AE12AB /* firebeat.lay */; };
		5597FE3821505F6C00AE12AB /* funworld.lay in Sources */ = {isa = PBXBuildFile; fileRef = 5597FE0321505F4200AE12AB /* funworld.lay */; };
		5597FE3921505F6C00AE12AB /* gldncrwn.lay in Sources */ = {isa = PBXBuildFile; fileRef = 5597FE1B21505F4400AE12AB /* gldncrwn.lay */; };
		5597FE3A21505F6C00AE12AB /* goldnpkr.lay in Sources */ = {isa = PBXBuildFile; fileRef = 5597FE1F21505F4400AE12AB /* goldnpkr.lay */; };
		5597FE3B21505F6C00AE12AB /* maxaflex.lay in Sources */ = {isa = PBXBuildFile; fileRef = 5597FE2521505F4500AE12AB /* maxaflex.lay */; };
		5597FE3C21505F6C00AE12AB /* mpu4.lay in Sources */ = {isa = PBXBuildFile; fileRef = 5597FE2621505F4500AE12AB /* mpu4.lay */; };
		5597FE3D21505F6C00AE12AB /* paradice.lay in Sources */ = {isa = PBXBuildFile; fileRef = 5597FE1D21505F4400AE12AB /* paradice.lay */; };
		5597FE3E21505F6C00AE12AB /* pe_bjack.lay in Sources */ = {isa = PBXBuildFile; fileRef = 5597FE0C21505F4200AE12AB /* pe_bjack.lay */; };
		5597FE3F21505F6C00AE12AB /* pe_keno.lay in Sources */ = {isa = PBXBuildFile; fileRef = 5597FE0E21505F4300AE12AB /* pe_keno.lay */; };
		5597FE4021505F6C00AE12AB /* pe_poker.lay in Sources */ = {isa = PBXBuildFile; fileRef = 5597FE1121505F4300AE12AB /* pe_poker.lay */; };
		5597FE4121505F6C00AE12AB /* pe_schip.lay in Sources */ = {isa = PBXBuildFile; fileRef = 5597FE2B21505F4500AE12AB /* pe_schip.lay */; };
		5597FE4221505F6C00AE12AB /* pe_slots.lay in Sources */ = {isa = PBXBuildFile; fileRef = 5597FE0421505F4200AE12AB /* pe_slots.lay */; };
		5597FE4321505F6C00AE12AB /* peplus.lay in Sources */ = {isa = PBXBuildFile; fileRef = 5597FE1221505F4300AE12AB /* peplus.lay */; };
		5597FE4421505F6C00AE12AB /* pmpoker.lay in Sources */ = {isa = PBXBuildFile; fileRef = 5597FE0521505F4200AE12AB /* pmpoker.lay */; };
		5597FE4521505F6C00AE12AB /* pokio.lay in Sources */ = {isa = PBXBuildFile; fileRef = 5597FE1C21505F4400AE12AB /* pokio.lay */; };
		5597FE4621505F6C00AE12AB /* pottnpkr.lay in Sources */ = {isa = PBXBuildFile; fileRef = 5597FE1321505F4300AE12AB /* pottnpkr.lay */; };
		5597FE4721505F6C00AE12AB /* pyramid.lay in Sources */ = {isa = PBXBuildFile; fileRef = 5597FE0721505F4200AE12AB /* pyramid.lay */; };
		5597FE4821505F6C00AE12AB /* quintoon.lay in Sources */ = {isa = PBXBuildFile; fileRef = 5597FE1921505F4400AE12AB /* quintoon.lay */; };
		5597FE4921505F6C00AE12AB /* sidewndr.lay in Sources */ = {isa = PBXBuildFile; fileRef = 5597FE2821505F4500AE12AB /* sidewndr.lay */; };
		5597FE4A21505F6C00AE12AB /* sigmapkr.lay in Sources */ = {isa = PBXBuildFile; fileRef = 5597FE1721505F4300AE12AB /* sigmapkr.lay */; };
		5597FE4B21505F6C00AE12AB /* slots.lay in Sources */ = {isa = PBXBuildFile; fileRef = 5597FE0621505F4200AE12AB /* slots.lay */; };
		5597FE4C21505F6C00AE12AB /* sltblgpo.lay in Sources */ = {isa = PBXBuildFile; fileRef = 5597FE2A21505F4500AE12AB /* sltblgpo.lay */; };
		5597FE4D21505F6C00AE12AB /* sltblgtk.lay in Sources */ = {isa = PBXBuildFile; fileRef = 5597FE2121505F4400AE12AB /* sltblgtk.lay */; };
		5597FE4E21505F6C00AE12AB /* sspeedr.lay in Sources */ = {isa = PBXBuildFile; fileRef = 5597FE2221505F4400AE12AB /* sspeedr.lay */; };
		5597FE4F21505F6C00AE12AB /* subroc3d.lay in Sources */ = {isa = PBXBuildFile; fileRef = 5597FE0A21505F4200AE12AB /* subroc3d.lay */; };
		5597FE5021505F6C00AE12AB /* tceptor2.lay in Sources */ = {isa = PBXBuildFile; fileRef = 5597FE0921505F4200AE12AB /* tceptor2.lay */; };
		5597FE5121505F6C00AE12AB /* tenpindx.lay in Sources */ = {isa = PBXBuildFile; fileRef = 5597FE1821505F4300AE12AB /* tenpindx.lay */; };
		5597FE5221505F6C00AE12AB /* turbo.lay in Sources */ = {isa = PBXBuildFile; fileRef = 5597FE2721505F4500AE12AB /* turbo.lay */; };
		5597FE5321505F6C00AE12AB /* videopin.lay in Sources */ = {isa = PBXBuildFile; fileRef = 5597FE0D21505F4200AE12AB /* videopin.lay */; };
		55A4AF6D212BCD45009FABC1 /* deadeye.lay in Sources */ = {isa = PBXBuildFile; fileRef = 55A4AF4D212BCD37009FABC1 /* deadeye.lay */; };
		55A4AF6F212BCD45009FABC1 /* sbrkout.lay in Sources */ = {isa = PBXBuildFile; fileRef = 55A4AF4F212BCD37009FABC1 /* sbrkout.lay */; };
		55A4AF70212BCD45009FABC1 /* invaders.lay in Sources */ = {isa = PBXBuildFile; fileRef = 55A4AF50212BCD37009FABC1 /* invaders.lay */; };
		55A4AF71212BCD45009FABC1 /* nbmj8688.lay in Sources */ = {isa = PBXBuildFile; fileRef = 55A4AF51212BCD37009FABC1 /* nbmj8688.lay */; };
		55A4AF73212BCD45009FABC1 /* geebee.lay in Sources */ = {isa = PBXBuildFile; fileRef = 55A4AF53212BCD37009FABC1 /* geebee.lay */; };
		55A4AF74212BCD45009FABC1 /* solarq.lay in Sources */ = {isa = PBXBuildFile; fileRef = 55A4AF54212BCD37009FABC1 /* solarq.lay */; };
		55A4AF78212BCD45009FABC1 /* lazercmd.lay in Sources */ = {isa = PBXBuildFile; fileRef = 55A4AF58212BCD37009FABC1 /* lazercmd.lay */; };
		55A4AF79212BCD45009FABC1 /* starcas.lay in Sources */ = {isa = PBXBuildFile; fileRef = 55A4AF59212BCD37009FABC1 /* starcas.lay */; };
		55A4AF7B212BCD45009FABC1 /* bzone.lay in Sources */ = {isa = PBXBuildFile; fileRef = 55A4AF5B212BCD37009FABC1 /* bzone.lay */; };
		55A4AF7C212BCD45009FABC1 /* circus.lay in Sources */ = {isa = PBXBuildFile; fileRef = 55A4AF5C212BCD37009FABC1 /* circus.lay */; };
		55A4AF80212BCD45009FABC1 /* invad2ct.lay in Sources */ = {isa = PBXBuildFile; fileRef = 55A4AF60212BCD37009FABC1 /* invad2ct.lay */; };
		55A4AF82212BCD45009FABC1 /* invrvnge.lay in Sources */ = {isa = PBXBuildFile; fileRef = 55A4AF62212BCD37009FABC1 /* invrvnge.lay */; };
		55A4AF84212BCD45009FABC1 /* tinv2650.lay in Sources */ = {isa = PBXBuildFile; fileRef = 55A4AF64212BCD37009FABC1 /* tinv2650.lay */; };
		55A4AF85212BCD45009FABC1 /* rocknms.lay in Sources */ = {isa = PBXBuildFile; fileRef = 55A4AF65212BCD37009FABC1 /* rocknms.lay */; };
		55A4AF87212BCD45009FABC1 /* gypsyjug.lay in Sources */ = {isa = PBXBuildFile; fileRef = 55A4AF67212BCD37009FABC1 /* gypsyjug.lay */; };
		55A4AF88212BCD45009FABC1 /* sos.lay in Sources */ = {isa = PBXBuildFile; fileRef = 55A4AF68212BCD37009FABC1 /* sos.lay */; };
		55A4AF89212BCD45009FABC1 /* darius.lay in Sources */ = {isa = PBXBuildFile; fileRef = 55A4AF69212BCD37009FABC1 /* darius.lay */; };
		55A4AF8A212BCD45009FABC1 /* copsnrob.lay in Sources */ = {isa = PBXBuildFile; fileRef = 55A4AF6A212BCD37009FABC1 /* copsnrob.lay */; };
		55A4AF8C212BCD45009FABC1 /* avalnche.lay in Sources */ = {isa = PBXBuildFile; fileRef = 55A4AF6C212BCD37009FABC1 /* avalnche.lay */; };
		55A4AFBC212BCF8F009FABC1 /* file2str.c in Sources */ = {isa = PBXBuildFile; fileRef = 55A4AFBB212BCF8F009FABC1 /* file2str.c */; };
/* End PBXBuildFile section */

/* Begin PBXBuildRule section */
		55A4AFBD212BCFAB009FABC1 /* PBXBuildRule */ = {
			isa = PBXBuildRule;
			compilerSpec = com.apple.compilers.proxy.script;
			filePatterns = "*.lay";
			fileType = pattern.proxy;
			isEditable = 1;
			outputFiles = (
				"$(DERIVED_FILE_DIR)/$(INPUT_FILE_BASE).lh",
			);
			script = "${TARGET_BUILD_DIR}/file2str \"${INPUT_FILE_PATH}\" ${DERIVED_FILE_DIR}/${INPUT_FILE_BASE}.lh layout_$(basename $(notdir \"${INPUT_FILE_PATH}\"))\n";
		};
/* End PBXBuildRule section */

/* Begin PBXContainerItemProxy section */
		55A4AFBE212BCFCC009FABC1 /* PBXContainerItemProxy */ = {
			isa = PBXContainerItemProxy;
			containerPortal = 55A4AF3D212BCD1C009FABC1 /* Project object */;
			proxyType = 1;
			remoteGlobalIDString = 55A4AFB3212BCF70009FABC1;
			remoteInfo = file2str;
		};
/* End PBXContainerItemProxy section */

/* Begin PBXCopyFilesBuildPhase section */
		55A4AFB2212BCF70009FABC1 /* CopyFiles */ = {
			isa = PBXCopyFilesBuildPhase;
			buildActionMask = 2147483647;
			dstPath = /usr/share/man/man1/;
			dstSubfolderSpec = 0;
			files = (
			);
			runOnlyForDeploymentPostprocessing = 1;
		};
/* End PBXCopyFilesBuildPhase section */

/* Begin PBXFileReference section */
		5597FE0321505F4200AE12AB /* funworld.lay */ = {isa = PBXFileReference; lastKnownFileType = text.xml; path = funworld.lay; sourceTree = "<group>"; };
		5597FE0421505F4200AE12AB /* pe_slots.lay */ = {isa = PBXFileReference; lastKnownFileType = text; path = pe_slots.lay; sourceTree = "<group>"; };
		5597FE0521505F4200AE12AB /* pmpoker.lay */ = {isa = PBXFileReference; lastKnownFileType = text.xml; path = pmpoker.lay; sourceTree = "<group>"; };
		5597FE0621505F4200AE12AB /* slots.lay */ = {isa = PBXFileReference; lastKnownFileType = text.xml; path = slots.lay; sourceTree = "<group>"; };
		5597FE0721505F4200AE12AB /* pyramid.lay */ = {isa = PBXFileReference; lastKnownFileType = text.xml; path = pyramid.lay; sourceTree = "<group>"; };
		5597FE0821505F4200AE12AB /* cardline.lay */ = {isa = PBXFileReference; lastKnownFileType = text.xml; path = cardline.lay; sourceTree = "<group>"; };
		5597FE0921505F4200AE12AB /* tceptor2.lay */ = {isa = PBXFileReference; lastKnownFileType = text.xml; path = tceptor2.lay; sourceTree = "<group>"; };
		5597FE0A21505F4200AE12AB /* subroc3d.lay */ = {isa = PBXFileReference; lastKnownFileType = text.xml; path = subroc3d.lay; sourceTree = "<group>"; };
		5597FE0B21505F4200AE12AB /* clowns.lay */ = {isa = PBXFileReference; lastKnownFileType = text; path = clowns.lay; sourceTree = "<group>"; };
		5597FE0C21505F4200AE12AB /* pe_bjack.lay */ = {isa = PBXFileReference; lastKnownFileType = text; path = pe_bjack.lay; sourceTree = "<group>"; };
		5597FE0D21505F4200AE12AB /* videopin.lay */ = {isa = PBXFileReference; lastKnownFileType = text; path = videopin.lay; sourceTree = "<group>"; };
		5597FE0E21505F4300AE12AB /* pe_keno.lay */ = {isa = PBXFileReference; lastKnownFileType = text; path = pe_keno.lay; sourceTree = "<group>"; };
		5597FE0F21505F4300AE12AB /* connect4.lay */ = {isa = PBXFileReference; lastKnownFileType = text.xml; path = connect4.lay; sourceTree = "<group>"; };
		5597FE1021505F4300AE12AB /* abaseb.lay */ = {isa = PBXFileReference; lastKnownFileType = text.xml; path = abaseb.lay; sourceTree = "<group>"; };
		5597FE1121505F4300AE12AB /* pe_poker.lay */ = {isa = PBXFileReference; lastKnownFileType = text; path = pe_poker.lay; sourceTree = "<group>"; };
		5597FE1221505F4300AE12AB /* peplus.lay */ = {isa = PBXFileReference; lastKnownFileType = text; path = peplus.lay; sourceTree = "<group>"; };
		5597FE1321505F4300AE12AB /* pottnpkr.lay */ = {isa = PBXFileReference; lastKnownFileType = text.xml; path = pottnpkr.lay; sourceTree = "<group>"; };
		5597FE1421505F4300AE12AB /* dlair.lay */ = {isa = PBXFileReference; lastKnownFileType = text.xml; path = dlair.lay; sourceTree = "<group>"; };
		5597FE1521505F4300AE12AB /* deadeye.lay */ = {isa = PBXFileReference; lastKnownFileType = text.xml; path = deadeye.lay; sourceTree = "<group>"; };
		5597FE1621505F4300AE12AB /* firebeat.lay */ = {isa = PBXFileReference; lastKnownFileType = text.xml; path = firebeat.lay; sourceTree = "<group>"; };
		5597FE1721505F4300AE12AB /* sigmapkr.lay */ = {isa = PBXFileReference; lastKnownFileType = text.xml; path = sigmapkr.lay; sourceTree = "<group>"; };
		5597FE1821505F4300AE12AB /* tenpindx.lay */ = {isa = PBXFileReference; lastKnownFileType = text.xml; path = tenpindx.lay; sourceTree = "<group>"; };
		5597FE1921505F4400AE12AB /* quintoon.lay */ = {isa = PBXFileReference; lastKnownFileType = text.xml; path = quintoon.lay; sourceTree = "<group>"; };
		5597FE1A21505F4400AE12AB /* atarifb4.lay */ = {isa = PBXFileReference; lastKnownFileType = text.xml; path = atarifb4.lay; sourceTree = "<group>"; };
		5597FE1B21505F4400AE12AB /* gldncrwn.lay */ = {isa = PBXFileReference; lastKnownFileType = text.xml; path = gldncrwn.lay; sourceTree = "<group>"; };
		5597FE1C21505F4400AE12AB /* pokio.lay */ = {isa = PBXFileReference; lastKnownFileType = text.xml; path = pokio.lay; sourceTree = "<group>"; };
		5597FE1D21505F4400AE12AB /* paradice.lay */ = {isa = PBXFileReference; lastKnownFileType = text.xml; path = paradice.lay; sourceTree = "<group>"; };
		5597FE1E21505F4400AE12AB /* buckrog.lay */ = {isa = PBXFileReference; lastKnownFileType = text.xml; path = buckrog.lay; sourceTree = "<group>"; };
		5597FE1F21505F4400AE12AB /* goldnpkr.lay */ = {isa = PBXFileReference; lastKnownFileType = text.xml; path = goldnpkr.lay; sourceTree = "<group>"; };
		5597FE2021505F4400AE12AB /* ampoker.lay */ = {isa = PBXFileReference; lastKnownFileType = text.xml; path = ampoker.lay; sourceTree = "<group>"; };
		5597FE2121505F4400AE12AB /* sltblgtk.lay */ = {isa = PBXFileReference; lastKnownFileType = text.xml; path = sltblgtk.lay; sourceTree = "<group>"; };
		5597FE2221505F4400AE12AB /* sspeedr.lay */ = {isa = PBXFileReference; lastKnownFileType = text.xml; path = sspeedr.lay; sourceTree = "<group>"; };
		5597FE2321505F4400AE12AB /* bfm_sc2.lay */ = {isa = PBXFileReference; lastKnownFileType = text.xml; path = bfm_sc2.lay; sourceTree = "<group>"; };
		5597FE2421505F4400AE12AB /* atarifb.lay */ = {isa = PBXFileReference; lastKnownFileType = text.xml; path = atarifb.lay; sourceTree = "<group>"; };
		5597FE2521505F4500AE12AB /* maxaflex.lay */ = {isa = PBXFileReference; lastKnownFileType = text.xml; path = maxaflex.lay; sourceTree = "<group>"; };
		5597FE2621505F4500AE12AB /* mpu4.lay */ = {isa = PBXFileReference; lastKnownFileType = text.xml; path = mpu4.lay; sourceTree = "<group>"; };
		5597FE2721505F4500AE12AB /* turbo.lay */ = {isa = PBXFileReference; lastKnownFileType = text.xml; path = turbo.lay; sourceTree = "<group>"; };
		5597FE2821505F4500AE12AB /* sidewndr.lay */ = {isa = PBXFileReference; lastKnownFileType = text.xml; path = sidewndr.lay; sourceTree = "<group>"; };
		5597FE2921505F4500AE12AB /* crash.lay */ = {isa = PBXFileReference; lastKnownFileType = text.xml; path = crash.lay; sourceTree = "<group>"; };
		5597FE2A21505F4500AE12AB /* sltblgpo.lay */ = {isa = PBXFileReference; lastKnownFileType = text.xml; path = sltblgpo.lay; sourceTree = "<group>"; };
		5597FE2B21505F4500AE12AB /* pe_schip.lay */ = {isa = PBXFileReference; lastKnownFileType = text; path = pe_schip.lay; sourceTree = "<group>"; };
		55A4AF45212BCD1D009FABC1 /* liblayouts.a */ = {isa = PBXFileReference; explicitFileType = archive.ar; includeInIndex = 0; path = liblayouts.a; sourceTree = BUILT_PRODUCTS_DIR; };
		55A4AF4D212BCD37009FABC1 /* deadeye.lay */ = {isa = PBXFileReference; lastKnownFileType = text.xml; path = deadeye.lay; sourceTree = "<group>"; };
		55A4AF4F212BCD37009FABC1 /* sbrkout.lay */ = {isa = PBXFileReference; lastKnownFileType = text.xml; path = sbrkout.lay; sourceTree = "<group>"; };
		55A4AF50212BCD37009FABC1 /* invaders.lay */ = {isa = PBXFileReference; lastKnownFileType = text.xml; path = invaders.lay; sourceTree = "<group>"; };
		55A4AF51212BCD37009FABC1 /* nbmj8688.lay */ = {isa = PBXFileReference; lastKnownFileType = text.xml; path = nbmj8688.lay; sourceTree = "<group>"; };
		55A4AF53212BCD37009FABC1 /* geebee.lay */ = {isa = PBXFileReference; lastKnownFileType = text.xml; path = geebee.lay; sourceTree = "<group>"; };
		55A4AF54212BCD37009FABC1 /* solarq.lay */ = {isa = PBXFileReference; lastKnownFileType = text.xml; path = solarq.lay; sourceTree = "<group>"; };
		55A4AF58212BCD37009FABC1 /* lazercmd.lay */ = {isa = PBXFileReference; lastKnownFileType = text.xml; path = lazercmd.lay; sourceTree = "<group>"; };
		55A4AF59212BCD37009FABC1 /* starcas.lay */ = {isa = PBXFileReference; lastKnownFileType = text.xml; path = starcas.lay; sourceTree = "<group>"; };
		55A4AF5B212BCD37009FABC1 /* bzone.lay */ = {isa = PBXFileReference; lastKnownFileType = text.xml; path = bzone.lay; sourceTree = "<group>"; };
		55A4AF5C212BCD37009FABC1 /* circus.lay */ = {isa = PBXFileReference; lastKnownFileType = text.xml; path = circus.lay; sourceTree = "<group>"; };
		55A4AF60212BCD37009FABC1 /* invad2ct.lay */ = {isa = PBXFileReference; lastKnownFileType = text.xml; path = invad2ct.lay; sourceTree = "<group>"; };
		55A4AF62212BCD37009FABC1 /* invrvnge.lay */ = {isa = PBXFileReference; lastKnownFileType = text.xml; path = invrvnge.lay; sourceTree = "<group>"; };
		55A4AF64212BCD37009FABC1 /* tinv2650.lay */ = {isa = PBXFileReference; lastKnownFileType = text.xml; path = tinv2650.lay; sourceTree = "<group>"; };
		55A4AF65212BCD37009FABC1 /* rocknms.lay */ = {isa = PBXFileReference; lastKnownFileType = text.xml; path = rocknms.lay; sourceTree = "<group>"; };
		55A4AF67212BCD37009FABC1 /* gypsyjug.lay */ = {isa = PBXFileReference; lastKnownFileType = text.xml; path = gypsyjug.lay; sourceTree = "<group>"; };
		55A4AF68212BCD37009FABC1 /* sos.lay */ = {isa = PBXFileReference; lastKnownFileType = text.xml; path = sos.lay; sourceTree = "<group>"; };
		55A4AF69212BCD37009FABC1 /* darius.lay */ = {isa = PBXFileReference; lastKnownFileType = text.xml; path = darius.lay; sourceTree = "<group>"; };
		55A4AF6A212BCD37009FABC1 /* copsnrob.lay */ = {isa = PBXFileReference; lastKnownFileType = text.xml; path = copsnrob.lay; sourceTree = "<group>"; };
		55A4AF6C212BCD37009FABC1 /* avalnche.lay */ = {isa = PBXFileReference; lastKnownFileType = text.xml; path = avalnche.lay; sourceTree = "<group>"; };
		55A4AFB4212BCF70009FABC1 /* file2str */ = {isa = PBXFileReference; explicitFileType = "compiled.mach-o.executable"; includeInIndex = 0; path = file2str; sourceTree = BUILT_PRODUCTS_DIR; };
		55A4AFBB212BCF8F009FABC1 /* file2str.c */ = {isa = PBXFileReference; fileEncoding = 4; lastKnownFileType = sourcecode.c.c; name = file2str.c; path = ../../src/build/file2str.c; sourceTree = "<group>"; };
/* End PBXFileReference section */

/* Begin PBXFrameworksBuildPhase section */
		55A4AF42212BCD1D009FABC1 /* Frameworks */ = {
			isa = PBXFrameworksBuildPhase;
			buildActionMask = 2147483647;
			files = (
			);
			runOnlyForDeploymentPostprocessing = 0;
		};
		55A4AFB1212BCF70009FABC1 /* Frameworks */ = {
			isa = PBXFrameworksBuildPhase;
			buildActionMask = 2147483647;
			files = (
			);
			runOnlyForDeploymentPostprocessing = 0;
		};
/* End PBXFrameworksBuildPhase section */

/* Begin PBXGroup section */
		55A4AF3C212BCD1C009FABC1 = {
			isa = PBXGroup;
			children = (
				55A4AF4C212BCD37009FABC1 /* layout */,
				55A4AFB5212BCF70009FABC1 /* file2str */,
				55A4AF46212BCD1D009FABC1 /* Products */,
			);
			sourceTree = "<group>";
		};
		55A4AF46212BCD1D009FABC1 /* Products */ = {
			isa = PBXGroup;
			children = (
				55A4AF45212BCD1D009FABC1 /* liblayouts.a */,
				55A4AFB4212BCF70009FABC1 /* file2str */,
			);
			name = Products;
			sourceTree = "<group>";
		};
		55A4AF4C212BCD37009FABC1 /* layout */ = {
			isa = PBXGroup;
			children = (
				5597FE1021505F4300AE12AB /* abaseb.lay */,
				5597FE2021505F4400AE12AB /* ampoker.lay */,
				5597FE2421505F4400AE12AB /* atarifb.lay */,
				5597FE1A21505F4400AE12AB /* atarifb4.lay */,
				55A4AF6C212BCD37009FABC1 /* avalnche.lay */,
				5597FE2321505F4400AE12AB /* bfm_sc2.lay */,
				5597FE1E21505F4400AE12AB /* buckrog.lay */,
				55A4AF5B212BCD37009FABC1 /* bzone.lay */,
				5597FE0821505F4200AE12AB /* cardline.lay */,
				55A4AF5C212BCD37009FABC1 /* circus.lay */,
				5597FE0B21505F4200AE12AB /* clowns.lay */,
				5597FE0F21505F4300AE12AB /* connect4.lay */,
				55A4AF6A212BCD37009FABC1 /* copsnrob.lay */,
				5597FE2921505F4500AE12AB /* crash.lay */,
				55A4AF69212BCD37009FABC1 /* darius.lay */,
				5597FE1521505F4300AE12AB /* deadeye.lay */,
				5597FE1421505F4300AE12AB /* dlair.lay */,
				5597FE1621505F4300AE12AB /* firebeat.lay */,
				5597FE0321505F4200AE12AB /* funworld.lay */,
				55A4AF53212BCD37009FABC1 /* geebee.lay */,
				5597FE1B21505F4400AE12AB /* gldncrwn.lay */,
				5597FE1F21505F4400AE12AB /* goldnpkr.lay */,
				55A4AF67212BCD37009FABC1 /* gypsyjug.lay */,
				55A4AF60212BCD37009FABC1 /* invad2ct.lay */,
				55A4AF50212BCD37009FABC1 /* invaders.lay */,
				55A4AF62212BCD37009FABC1 /* invrvnge.lay */,
				55A4AF58212BCD37009FABC1 /* lazercmd.lay */,
				5597FE2521505F4500AE12AB /* maxaflex.lay */,
				5597FE2621505F4500AE12AB /* mpu4.lay */,
				55A4AF51212BCD37009FABC1 /* nbmj8688.lay */,
				5597FE1D21505F4400AE12AB /* paradice.lay */,
				5597FE0C21505F4200AE12AB /* pe_bjack.lay */,
				5597FE0E21505F4300AE12AB /* pe_keno.lay */,
				5597FE1121505F4300AE12AB /* pe_poker.lay */,
				5597FE2B21505F4500AE12AB /* pe_schip.lay */,
				5597FE0421505F4200AE12AB /* pe_slots.lay */,
				5597FE1221505F4300AE12AB /* peplus.lay */,
				5597FE0521505F4200AE12AB /* pmpoker.lay */,
				5597FE1C21505F4400AE12AB /* pokio.lay */,
				5597FE1321505F4300AE12AB /* pottnpkr.lay */,
				5597FE0721505F4200AE12AB /* pyramid.lay */,
				5597FE1921505F4400AE12AB /* quintoon.lay */,
				55A4AF65212BCD37009FABC1 /* rocknms.lay */,
				55A4AF4F212BCD37009FABC1 /* sbrkout.lay */,
				5597FE2821505F4500AE12AB /* sidewndr.lay */,
				5597FE1721505F4300AE12AB /* sigmapkr.lay */,
				5597FE0621505F4200AE12AB /* slots.lay */,
				5597FE2A21505F4500AE12AB /* sltblgpo.lay */,
				5597FE2121505F4400AE12AB /* sltblgtk.lay */,
				55A4AF54212BCD37009FABC1 /* solarq.lay */,
				55A4AF68212BCD37009FABC1 /* sos.lay */,
				5597FE2221505F4400AE12AB /* sspeedr.lay */,
				55A4AF59212BCD37009FABC1 /* starcas.lay */,
				5597FE0A21505F4200AE12AB /* subroc3d.lay */,
				5597FE0921505F4200AE12AB /* tceptor2.lay */,
				5597FE1821505F4300AE12AB /* tenpindx.lay */,
				55A4AF64212BCD37009FABC1 /* tinv2650.lay */,
				5597FE2721505F4500AE12AB /* turbo.lay */,
				5597FE0D21505F4200AE12AB /* videopin.lay */,
				55A4AF4D212BCD37009FABC1 /* deadeye.lay */,
			);
			name = layout;
			path = ../../src/mame/layout;
			sourceTree = "<group>";
		};
		55A4AFB5212BCF70009FABC1 /* file2str */ = {
			isa = PBXGroup;
			children = (
				55A4AFBB212BCF8F009FABC1 /* file2str.c */,
			);
			name = file2str;
			sourceTree = "<group>";
		};
/* End PBXGroup section */

/* Begin PBXHeadersBuildPhase section */
		55A4AF43212BCD1D009FABC1 /* Headers */ = {
			isa = PBXHeadersBuildPhase;
			buildActionMask = 2147483647;
			files = (
			);
			runOnlyForDeploymentPostprocessing = 0;
		};
/* End PBXHeadersBuildPhase section */

/* Begin PBXNativeTarget section */
		55A4AF44212BCD1D009FABC1 /* layouts */ = {
			isa = PBXNativeTarget;
			buildConfigurationList = 55A4AF49212BCD1D009FABC1 /* Build configuration list for PBXNativeTarget "layouts" */;
			buildPhases = (
				55A4AF41212BCD1D009FABC1 /* Sources */,
				55A4AF42212BCD1D009FABC1 /* Frameworks */,
				55A4AF43212BCD1D009FABC1 /* Headers */,
			);
			buildRules = (
				55A4AFBD212BCFAB009FABC1 /* PBXBuildRule */,
			);
			dependencies = (
				55A4AFBF212BCFCC009FABC1 /* PBXTargetDependency */,
			);
			name = layouts;
			productName = layouts;
			productReference = 55A4AF45212BCD1D009FABC1 /* liblayouts.a */;
			productType = "com.apple.product-type.library.static";
		};
		55A4AFB3212BCF70009FABC1 /* file2str */ = {
			isa = PBXNativeTarget;
			buildConfigurationList = 55A4AFB8212BCF70009FABC1 /* Build configuration list for PBXNativeTarget "file2str" */;
			buildPhases = (
				55A4AFB0212BCF70009FABC1 /* Sources */,
				55A4AFB1212BCF70009FABC1 /* Frameworks */,
				55A4AFB2212BCF70009FABC1 /* CopyFiles */,
			);
			buildRules = (
			);
			dependencies = (
			);
			name = file2str;
			productName = file2str;
			productReference = 55A4AFB4212BCF70009FABC1 /* file2str */;
			productType = "com.apple.product-type.tool";
		};
/* End PBXNativeTarget section */

/* Begin PBXProject section */
		55A4AF3D212BCD1C009FABC1 /* Project object */ = {
			isa = PBXProject;
			attributes = {
				LastSwiftUpdateCheck = 0940;
				LastUpgradeCheck = 0940;
				ORGANIZATIONNAME = "C.W. Betts";
				TargetAttributes = {
					55A4AF44212BCD1D009FABC1 = {
						CreatedOnToolsVersion = 9.4.1;
					};
					55A4AFB3212BCF70009FABC1 = {
						CreatedOnToolsVersion = 9.4.1;
					};
				};
			};
			buildConfigurationList = 55A4AF40212BCD1C009FABC1 /* Build configuration list for PBXProject "layouts" */;
			compatibilityVersion = "Xcode 9.3";
			developmentRegion = en;
			hasScannedForEncodings = 0;
			knownRegions = (
				en,
			);
			mainGroup = 55A4AF3C212BCD1C009FABC1;
			productRefGroup = 55A4AF46212BCD1D009FABC1 /* Products */;
			projectDirPath = "";
			projectRoot = "";
			targets = (
				55A4AF44212BCD1D009FABC1 /* layouts */,
				55A4AFB3212BCF70009FABC1 /* file2str */,
			);
		};
/* End PBXProject section */

/* Begin PBXSourcesBuildPhase section */
		55A4AF41212BCD1D009FABC1 /* Sources */ = {
			isa = PBXSourcesBuildPhase;
			buildActionMask = 2147483647;
			files = (
				5597FE2C21505F6C00AE12AB /* abaseb.lay in Sources */,
				5597FE2D21505F6C00AE12AB /* ampoker.lay in Sources */,
				5597FE2E21505F6C00AE12AB /* atarifb.lay in Sources */,
				5597FE2F21505F6C00AE12AB /* atarifb4.lay in Sources */,
				5597FE3021505F6C00AE12AB /* bfm_sc2.lay in Sources */,
				5597FE3121505F6C00AE12AB /* buckrog.lay in Sources */,
				5597FE3221505F6C00AE12AB /* cardline.lay in Sources */,
				5597FE3321505F6C00AE12AB /* clowns.lay in Sources */,
				5597FE3421505F6C00AE12AB /* connect4.lay in Sources */,
				5597FE3521505F6C00AE12AB /* crash.lay in Sources */,
				55A4AF6D212BCD45009FABC1 /* deadeye.lay in Sources */,
				5597FE3621505F6C00AE12AB /* dlair.lay in Sources */,
				5597FE3721505F6C00AE12AB /* firebeat.lay in Sources */,
				5597FE3821505F6C00AE12AB /* funworld.lay in Sources */,
				5597FE3921505F6C00AE12AB /* gldncrwn.lay in Sources */,
				5597FE3A21505F6C00AE12AB /* goldnpkr.lay in Sources */,
				5597FE3B21505F6C00AE12AB /* maxaflex.lay in Sources */,
				5597FE3C21505F6C00AE12AB /* mpu4.lay in Sources */,
				5597FE3D21505F6C00AE12AB /* paradice.lay in Sources */,
				5597FE3E21505F6C00AE12AB /* pe_bjack.lay in Sources */,
				5597FE3F21505F6C00AE12AB /* pe_keno.lay in Sources */,
				5597FE4021505F6C00AE12AB /* pe_poker.lay in Sources */,
				5597FE4121505F6C00AE12AB /* pe_schip.lay in Sources */,
				5597FE4221505F6C00AE12AB /* pe_slots.lay in Sources */,
				5597FE4321505F6C00AE12AB /* peplus.lay in Sources */,
				5597FE4421505F6C00AE12AB /* pmpoker.lay in Sources */,
				5597FE4521505F6C00AE12AB /* pokio.lay in Sources */,
				5597FE4621505F6C00AE12AB /* pottnpkr.lay in Sources */,
				5597FE4721505F6C00AE12AB /* pyramid.lay in Sources */,
				5597FE4821505F6C00AE12AB /* quintoon.lay in Sources */,
				5597FE4921505F6C00AE12AB /* sidewndr.lay in Sources */,
				5597FE4A21505F6C00AE12AB /* sigmapkr.lay in Sources */,
				5597FE4B21505F6C00AE12AB /* slots.lay in Sources */,
				5597FE4C21505F6C00AE12AB /* sltblgpo.lay in Sources */,
				5597FE4D21505F6C00AE12AB /* sltblgtk.lay in Sources */,
				5597FE4E21505F6C00AE12AB /* sspeedr.lay in Sources */,
				5597FE4F21505F6C00AE12AB /* subroc3d.lay in Sources */,
				5597FE5021505F6C00AE12AB /* tceptor2.lay in Sources */,
				5597FE5121505F6C00AE12AB /* tenpindx.lay in Sources */,
				5597FE5221505F6C00AE12AB /* turbo.lay in Sources */,
				5597FE5321505F6C00AE12AB /* videopin.lay in Sources */,
				55A4AF6F212BCD45009FABC1 /* sbrkout.lay in Sources */,
				55A4AF70212BCD45009FABC1 /* invaders.lay in Sources */,
				55A4AF71212BCD45009FABC1 /* nbmj8688.lay in Sources */,
				55A4AF73212BCD45009FABC1 /* geebee.lay in Sources */,
				55A4AF74212BCD45009FABC1 /* solarq.lay in Sources */,
				55A4AF78212BCD45009FABC1 /* lazercmd.lay in Sources */,
				55A4AF79212BCD45009FABC1 /* starcas.lay in Sources */,
				55A4AF7B212BCD45009FABC1 /* bzone.lay in Sources */,
				55A4AF7C212BCD45009FABC1 /* circus.lay in Sources */,
				55A4AF80212BCD45009FABC1 /* invad2ct.lay in Sources */,
				55A4AF82212BCD45009FABC1 /* invrvnge.lay in Sources */,
				55A4AF84212BCD45009FABC1 /* tinv2650.lay in Sources */,
				55A4AF85212BCD45009FABC1 /* rocknms.lay in Sources */,
				55A4AF87212BCD45009FABC1 /* gypsyjug.lay in Sources */,
				55A4AF88212BCD45009FABC1 /* sos.lay in Sources */,
				55A4AF89212BCD45009FABC1 /* darius.lay in Sources */,
				55A4AF8A212BCD45009FABC1 /* copsnrob.lay in Sources */,
				55A4AF8C212BCD45009FABC1 /* avalnche.lay in Sources */,
			);
			runOnlyForDeploymentPostprocessing = 0;
		};
		55A4AFB0212BCF70009FABC1 /* Sources */ = {
			isa = PBXSourcesBuildPhase;
			buildActionMask = 2147483647;
			files = (
				55A4AFBC212BCF8F009FABC1 /* file2str.c in Sources */,
			);
			runOnlyForDeploymentPostprocessing = 0;
		};
/* End PBXSourcesBuildPhase section */

/* Begin PBXTargetDependency section */
		55A4AFBF212BCFCC009FABC1 /* PBXTargetDependency */ = {
			isa = PBXTargetDependency;
			target = 55A4AFB3212BCF70009FABC1 /* file2str */;
			targetProxy = 55A4AFBE212BCFCC009FABC1 /* PBXContainerItemProxy */;
		};
/* End PBXTargetDependency section */

/* Begin XCBuildConfiguration section */
		55A4AF47212BCD1D009FABC1 /* Debug */ = {
			isa = XCBuildConfiguration;
			buildSettings = {
				ALWAYS_SEARCH_USER_PATHS = NO;
				ARCHS = "$(ARCHS_STANDARD_32_BIT)";
				CLANG_ANALYZER_NONNULL = YES;
				CLANG_ANALYZER_NUMBER_OBJECT_CONVERSION = YES_AGGRESSIVE;
				CLANG_CXX_LANGUAGE_STANDARD = "gnu++14";
				CLANG_CXX_LIBRARY = "libc++";
				CLANG_ENABLE_MODULES = YES;
				CLANG_ENABLE_OBJC_ARC = YES;
				CLANG_ENABLE_OBJC_WEAK = YES;
				CLANG_WARN_BLOCK_CAPTURE_AUTORELEASING = YES;
				CLANG_WARN_BOOL_CONVERSION = YES;
				CLANG_WARN_COMMA = YES;
				CLANG_WARN_CONSTANT_CONVERSION = YES;
				CLANG_WARN_DEPRECATED_OBJC_IMPLEMENTATIONS = YES;
				CLANG_WARN_DIRECT_OBJC_ISA_USAGE = YES_ERROR;
				CLANG_WARN_DOCUMENTATION_COMMENTS = YES;
				CLANG_WARN_EMPTY_BODY = YES;
				CLANG_WARN_ENUM_CONVERSION = YES;
				CLANG_WARN_INFINITE_RECURSION = YES;
				CLANG_WARN_INT_CONVERSION = YES;
				CLANG_WARN_NON_LITERAL_NULL_CONVERSION = YES;
				CLANG_WARN_OBJC_IMPLICIT_RETAIN_SELF = YES;
				CLANG_WARN_OBJC_LITERAL_CONVERSION = YES;
				CLANG_WARN_OBJC_ROOT_CLASS = YES_ERROR;
				CLANG_WARN_RANGE_LOOP_ANALYSIS = YES;
				CLANG_WARN_STRICT_PROTOTYPES = YES;
				CLANG_WARN_SUSPICIOUS_MOVE = YES;
				CLANG_WARN_UNGUARDED_AVAILABILITY = YES_AGGRESSIVE;
				CLANG_WARN_UNREACHABLE_CODE = YES;
				CLANG_WARN__DUPLICATE_METHOD_MATCH = YES;
				CODE_SIGN_IDENTITY = "-";
				COPY_PHASE_STRIP = NO;
				DEBUG_INFORMATION_FORMAT = dwarf;
				ENABLE_STRICT_OBJC_MSGSEND = YES;
				ENABLE_TESTABILITY = YES;
				FRAMEWORK_SEARCH_PATHS = ../../Vendor/oldMacHeaders;
				GCC_C_LANGUAGE_STANDARD = gnu11;
				GCC_DYNAMIC_NO_PIC = NO;
				GCC_NO_COMMON_BLOCKS = YES;
				GCC_OPTIMIZATION_LEVEL = 0;
				GCC_PREPROCESSOR_DEFINITIONS = (
					"DEBUG=1",
					"$(inherited)",
				);
				GCC_WARN_64_TO_32_BIT_CONVERSION = YES;
				GCC_WARN_ABOUT_RETURN_TYPE = YES_ERROR;
				GCC_WARN_UNDECLARED_SELECTOR = YES;
				GCC_WARN_UNINITIALIZED_AUTOS = YES_AGGRESSIVE;
				GCC_WARN_UNUSED_FUNCTION = YES;
				GCC_WARN_UNUSED_VARIABLE = YES;
				MACOSX_DEPLOYMENT_TARGET = 10.9;
				MTL_ENABLE_DEBUG_INFO = YES;
				ONLY_ACTIVE_ARCH = YES;
				SDKROOT = macosx;
				USER_HEADER_SEARCH_PATHS = (
					../../Vendor/oldMacHeaders,
					../Source,
					..,
					../../src/mame,
					../../src/mame/includes,
					../../src/debug,
					../../src/emu,
					../../src/osd,
					../../src/lib/util,
				);
			};
			name = Debug;
		};
		55A4AF48212BCD1D009FABC1 /* Release */ = {
			isa = XCBuildConfiguration;
			buildSettings = {
				ALWAYS_SEARCH_USER_PATHS = NO;
				ARCHS = "$(ARCHS_STANDARD_32_BIT)";
				CLANG_ANALYZER_NONNULL = YES;
				CLANG_ANALYZER_NUMBER_OBJECT_CONVERSION = YES_AGGRESSIVE;
				CLANG_CXX_LANGUAGE_STANDARD = "gnu++14";
				CLANG_CXX_LIBRARY = "libc++";
				CLANG_ENABLE_MODULES = YES;
				CLANG_ENABLE_OBJC_ARC = YES;
				CLANG_ENABLE_OBJC_WEAK = YES;
				CLANG_WARN_BLOCK_CAPTURE_AUTORELEASING = YES;
				CLANG_WARN_BOOL_CONVERSION = YES;
				CLANG_WARN_COMMA = YES;
				CLANG_WARN_CONSTANT_CONVERSION = YES;
				CLANG_WARN_DEPRECATED_OBJC_IMPLEMENTATIONS = YES;
				CLANG_WARN_DIRECT_OBJC_ISA_USAGE = YES_ERROR;
				CLANG_WARN_DOCUMENTATION_COMMENTS = YES;
				CLANG_WARN_EMPTY_BODY = YES;
				CLANG_WARN_ENUM_CONVERSION = YES;
				CLANG_WARN_INFINITE_RECURSION = YES;
				CLANG_WARN_INT_CONVERSION = YES;
				CLANG_WARN_NON_LITERAL_NULL_CONVERSION = YES;
				CLANG_WARN_OBJC_IMPLICIT_RETAIN_SELF = YES;
				CLANG_WARN_OBJC_LITERAL_CONVERSION = YES;
				CLANG_WARN_OBJC_ROOT_CLASS = YES_ERROR;
				CLANG_WARN_RANGE_LOOP_ANALYSIS = YES;
				CLANG_WARN_STRICT_PROTOTYPES = YES;
				CLANG_WARN_SUSPICIOUS_MOVE = YES;
				CLANG_WARN_UNGUARDED_AVAILABILITY = YES_AGGRESSIVE;
				CLANG_WARN_UNREACHABLE_CODE = YES;
				CLANG_WARN__DUPLICATE_METHOD_MATCH = YES;
				CODE_SIGN_IDENTITY = "-";
				COPY_PHASE_STRIP = NO;
				DEBUG_INFORMATION_FORMAT = "dwarf-with-dsym";
				ENABLE_NS_ASSERTIONS = NO;
				ENABLE_STRICT_OBJC_MSGSEND = YES;
				FRAMEWORK_SEARCH_PATHS = ../../Vendor/oldMacHeaders;
				GCC_C_LANGUAGE_STANDARD = gnu11;
				GCC_NO_COMMON_BLOCKS = YES;
				GCC_WARN_64_TO_32_BIT_CONVERSION = YES;
				GCC_WARN_ABOUT_RETURN_TYPE = YES_ERROR;
				GCC_WARN_UNDECLARED_SELECTOR = YES;
				GCC_WARN_UNINITIALIZED_AUTOS = YES_AGGRESSIVE;
				GCC_WARN_UNUSED_FUNCTION = YES;
				GCC_WARN_UNUSED_VARIABLE = YES;
				MACOSX_DEPLOYMENT_TARGET = 10.9;
				MTL_ENABLE_DEBUG_INFO = NO;
				SDKROOT = macosx;
				USER_HEADER_SEARCH_PATHS = (
					../../Vendor/oldMacHeaders,
					../Source,
					..,
					../../src/mame,
					../../src/mame/includes,
					../../src/debug,
					../../src/emu,
					../../src/osd,
					../../src/lib/util,
				);
			};
			name = Release;
		};
		55A4AF4A212BCD1D009FABC1 /* Debug */ = {
			isa = XCBuildConfiguration;
			buildSettings = {
				CODE_SIGN_STYLE = Automatic;
				EXECUTABLE_PREFIX = lib;
				PRODUCT_NAME = "$(TARGET_NAME)";
				SKIP_INSTALL = YES;
			};
			name = Debug;
		};
		55A4AF4B212BCD1D009FABC1 /* Release */ = {
			isa = XCBuildConfiguration;
			buildSettings = {
				CODE_SIGN_STYLE = Automatic;
				EXECUTABLE_PREFIX = lib;
				PRODUCT_NAME = "$(TARGET_NAME)";
				SKIP_INSTALL = YES;
			};
			name = Release;
		};
		55A4AFB9212BCF70009FABC1 /* Debug */ = {
			isa = XCBuildConfiguration;
			buildSettings = {
				ARCHS = "$(NATIVE_ARCH_ACTUAL)";
				CODE_SIGN_IDENTITY = "";
				CODE_SIGN_STYLE = Manual;
				DEVELOPMENT_TEAM = "";
				GCC_PREFIX_HEADER = ../Source/MacMAMEDebugXcode.pch;
				PRODUCT_NAME = "$(TARGET_NAME)";
				PROVISIONING_PROFILE_SPECIFIER = "";
			};
			name = Debug;
		};
		55A4AFBA212BCF70009FABC1 /* Release */ = {
			isa = XCBuildConfiguration;
			buildSettings = {
				ARCHS = "$(NATIVE_ARCH_ACTUAL)";
				CODE_SIGN_IDENTITY = "";
				CODE_SIGN_STYLE = Manual;
				DEVELOPMENT_TEAM = "";
				GCC_PREFIX_HEADER = ../Source/MacMAMEXcode.pch;
				PRODUCT_NAME = "$(TARGET_NAME)";
				PROVISIONING_PROFILE_SPECIFIER = "";
			};
			name = Release;
		};
/* End XCBuildConfiguration section */

/* Begin XCConfigurationList section */
		55A4AF40212BCD1C009FABC1 /* Build configuration list for PBXProject "layouts" */ = {
			isa = XCConfigurationList;
			buildConfigurations = (
				55A4AF47212BCD1D009FABC1 /* Debug */,
				55A4AF48212BCD1D009FABC1 /* Release */,
			);
			defaultConfigurationIsVisible = 0;
			defaultConfigurationName = Release;
		};
		55A4AF49212BCD1D009FABC1 /* Build configuration list for PBXNativeTarget "layouts" */ = {
			isa = XCConfigurationList;
			buildConfigurations = (
				55A4AF4A212BCD1D009FABC1 /* Debug */,
				55A4AF4B212BCD1D009FABC1 /* Release */,
			);
			defaultConfigurationIsVisible = 0;
			defaultConfigurationName = Release;
		};
		55A4AFB8212BCF70009FABC1 /* Build configuration list for PBXNativeTarget "file2str" */ = {
			isa = XCConfigurationList;
			buildConfigurations = (
				55A4AFB9212BCF70009FABC1 /* Debug */,
				55A4AFBA212BCF70009FABC1 /* Release */,
			);
			defaultConfigurationIsVisible = 0;
			defaultConfigurationName = Release;
		};
/* End XCConfigurationList section */
	};
	rootObject = 55A4AF3D212BCD1C009FABC1 /* Project object */;
}
